# dalforge.lock: maintained by dalforge, do not edit. Commit it.
# Update it with `dalforge lock -upgrade` after changing dalforge or sqlc.
lock_version = 1
dalforge = "(devel)"

[options]
"dal/pg/v1/options.proto" = "sha256:4323d8cb984f37b7b2e52bfda7ec0c4f997a1fafa6c2f639f9f51ae51145c1fc"
"dal/v1/options.proto" = "sha256:b233b8ece6fb6541460cad8d25e88d9a2a49c7a2b787ae7074b0b94b48b3b660"

[tools]
"sqlc" = "v1.31.1"
